# This file was autogenerated by Stack.
# You should not edit this file by hand.
# For more information, please see the documentation at:
#   https://docs.haskellstack.org/en/stable/lock_files

packages:
- completed:
    hackage: directory-1.3.6.1@sha256:3dc9c69c8e09ec95a7a45c6d06abe0f0d2f604439c37e5f88e5a6c335b088d71,2810
    pantry-tree:
      size: 3433
      sha256: 9247d0e7cfbf9946b922d23bd56a6b765cdb91f71d72f8ae6ed22c94dbd9f1db
  original:
    hackage: directory-1.3.6.1@sha256:3dc9c69c8e09ec95a7a45c6d06abe0f0d2f604439c37e5f88e5a6c335b088d71,2810
- completed:
    hackage: process-1.6.8.2@sha256:c2c95560dab7cea7f77b190166c3916945155f0daf5928b28c20a0ac34d4ea2a,2468
    pantry-tree:
      size: 1211
      sha256: 2481cbecea22846b5dc4de765efe4adc9cb5ead9e9933ebd9d8ab12ef68aa8c7
  original:
    hackage: process-1.6.8.2@sha256:c2c95560dab7cea7f77b190166c3916945155f0daf5928b28c20a0ac34d4ea2a,2468
- completed:
    hackage: QuickCheck-2.14@sha256:a1bac79e48b36d5bccd771e981058c44707f440156a0a411ebdcfec8cfccfda9,6982
    pantry-tree:
      size: 2203
      sha256: 1c8b0f1ff061117c78ddb69cbed242faf313a427c03e5c84233aa33e7e58a5cb
  original:
    hackage: QuickCheck-2.14@sha256:a1bac79e48b36d5bccd771e981058c44707f440156a0a411ebdcfec8cfccfda9,6982
- completed:
    hackage: splitmix-0.0.4@sha256:fb9bb8b54a2e76c8a021fe5c4c3798047e1f60e168379a1f80693047fe00ad0e,4813
    pantry-tree:
      size: 872
      sha256: e58892088b95190bfb59a7c0803f7ef65338e57fc9b938d7c166563605003902
  original:
    hackage: splitmix-0.0.4@sha256:fb9bb8b54a2e76c8a021fe5c4c3798047e1f60e168379a1f80693047fe00ad0e,4813
- completed:
    hackage: combinat-0.2.9.0@sha256:3daed23a2376f8d9903dc2c1c3758f1f2a0527178c81023080507e5f5ddf5b7a,5107
    pantry-tree:
      size: 4818
      sha256: 7c14bb4cc6cb0b2d6f14ae8265241966fe6c2e07827d18acad8de1bdc1ba8540
  original:
    hackage: combinat-0.2.9.0@sha256:3daed23a2376f8d9903dc2c1c3758f1f2a0527178c81023080507e5f5ddf5b7a,5107
- completed:
    hackage: list-transformer-1.0.6@sha256:e214728decb4844b1c6ea0e3243324cfc11ad6da5629d16f06b92f00b6a5bed0,1455
    pantry-tree:
      size: 280
      sha256: 7d2a46b5ade8b57a62888af490d6fb20b217e6fa92b5bf40d53c6e9fd7a3809c
  original:
    hackage: list-transformer-1.0.6@sha256:e214728decb4844b1c6ea0e3243324cfc11ad6da5629d16f06b92f00b6a5bed0,1455
snapshots:
- completed:
    size: 524996
    url: https://raw.githubusercontent.com/commercialhaskell/stackage-snapshots/master/lts/14/27.yaml
    sha256: 7ea31a280c56bf36ff591a7397cc384d0dff622e7f9e4225b47d8980f019a0f0
  original: lts-14.27
